// !$*UTF8*$!
{
	archiveVersion = 1;
	classes = {
	};
	objectVersion = 77;
	objects = {

/* Begin PBXContainerItemProxy section */
		BB1541962D84A3CB001DC612 /* PBXContainerItemProxy */ = {
			isa = PBXContainerItemProxy;
			containerPortal = BB15417B2D84A3CA001DC612 /* Project object */;
			proxyType = 1;
			remoteGlobalIDString = BB1541822D84A3CA001DC612;
			remoteInfo = "Language Lab";
		};
		BB1541A02D84A3CB001DC612 /* PBXContainerItemProxy */ = {
			isa = PBXContainerItemProxy;
			containerPortal = BB15417B2D84A3CA001DC612 /* Project object */;
			proxyType = 1;
			remoteGlobalIDString = BB1541822D84A3CA001DC612;
			remoteInfo = "Language Lab";
		};
/* End PBXContainerItemProxy section */

/* Begin PBXFileReference section */
		BB1541832D84A3CA001DC612 /* Language Lab.app */ = {isa = PBXFileReference; explicitFileType = wrapper.application; includeInIndex = 0; path = "Language Lab.app"; sourceTree = BUILT_PRODUCTS_DIR; };
		BB1541952D84A3CB001DC612 /* Language LabTests.xctest */ = {isa = PBXFileReference; explicitFileType = wrapper.cfbundle; includeInIndex = 0; path = "Language LabTests.xctest"; sourceTree = BUILT_PRODUCTS_DIR; };
		BB15419F2D84A3CB001DC612 /* Language LabUITests.xctest */ = {isa = PBXFileReference; explicitFileType = wrapper.cfbundle; includeInIndex = 0; path = "Language LabUITests.xctest"; sourceTree = BUILT_PRODUCTS_DIR; };
/* End PBXFileReference section */

/* Begin PBXFileSystemSynchronizedRootGroup section */
		BB1541852D84A3CA001DC612 /* Language Lab */ = {
			isa = PBXFileSystemSynchronizedRootGroup;
			path = "Language Lab";
			sourceTree = "<group>";
		};
		BB1541982D84A3CB001DC612 /* Language LabTests */ = {
			isa = PBXFileSystemSynchronizedRootGroup;
			path = "Language LabTests";
			sourceTree = "<group>";
		};
		BB1541A22D84A3CB001DC612 /* Language LabUITests */ = {
			isa = PBXFileSystemSynchronizedRootGroup;
			path = "Language LabUITests";
			sourceTree = "<group>";
		};
/* End PBXFileSystemSynchronizedRootGroup section */

/* Begin PBXFrameworksBuildPhase section */
		BB1541802D84A3CA001DC612 /* Frameworks */ = {
			isa = PBXFrameworksBuildPhase;
			buildActionMask = 2147483647;
			files = (
			);
			runOnlyForDeploymentPostprocessing = 0;
		};
		BB1541922D84A3CB001DC612 /* Frameworks */ = {
			isa = PBXFrameworksBuildPhase;
			buildActionMask = 2147483647;
			files = (
			);
			runOnlyForDeploymentPostprocessing = 0;
		};
		BB15419C2D84A3CB001DC612 /* Frameworks */ = {
			isa = PBXFrameworksBuildPhase;
			buildActionMask = 2147483647;
			files = (
			);
			runOnlyForDeploymentPostprocessing = 0;
		};
/* End PBXFrameworksBuildPhase section */

/* Begin PBXGroup section */
		BB15417A2D84A3CA001DC612 = {
			isa = PBXGroup;
			children = (
				BB1541852D84A3CA001DC612 /* Language Lab */,
				BB1541982D84A3CB001DC612 /* Language LabTests */,
				BB1541A22D84A3CB001DC612 /* Language LabUITests */,
				BB1541842D84A3CA001DC612 /* Products */,
			);
			sourceTree = "<group>";
		};
		BB1541842D84A3CA001DC612 /* Products */ = {
			isa = PBXGroup;
			children = (
				BB1541832D84A3CA001DC612 /* Language Lab.app */,
				BB1541952D84A3CB001DC612 /* Language LabTests.xctest */,
				BB15419F2D84A3CB001DC612 /* Language LabUITests.xctest */,
			);
			name = Products;
			sourceTree = "<group>";
		};
/* End PBXGroup section */

/* Begin PBXNativeTarget section */
		BB1541822D84A3CA001DC612 /* Language Lab */ = {
			isa = PBXNativeTarget;
			buildConfigurationList = BB1541A92D84A3CB001DC612 /* Build configuration list for PBXNativeTarget "Language Lab" */;
			buildPhases = (
				BB15417F2D84A3CA001DC612 /* Sources */,
				BB1541802D84A3CA001DC612 /* Frameworks */,
				BB1541812D84A3CA001DC612 /* Resources */,
			);
			buildRules = (
			);
			dependencies = (
			);
			fileSystemSynchronizedGroups = (
				BB1541852D84A3CA001DC612 /* Language Lab */,
			);
			name = "Language Lab";
			packageProductDependencies = (
			);
			productName = "Language Lab";
			productReference = BB1541832D84A3CA001DC612 /* Language Lab.app */;
			productType = "com.apple.product-type.application";
		};
		BB1541942D84A3CB001DC612 /* Language LabTests */ = {
			isa = PBXNativeTarget;
			buildConfigurationList = BB1541AC2D84A3CB001DC612 /* Build configuration list for PBXNativeTarget "Language LabTests" */;
			buildPhases = (
				BB1541912D84A3CB001DC612 /* Sources */,
				BB1541922D84A3CB001DC612 /* Frameworks */,
				BB1541932D84A3CB001DC612 /* Resources */,
			);
			buildRules = (
			);
			dependencies = (
				BB1541972D84A3CB001DC612 /* PBXTargetDependency */,
			);
			fileSystemSynchronizedGroups = (
				BB1541982D84A3CB001DC612 /* Language LabTests */,
			);
			name = "Language LabTests";
			packageProductDependencies = (
			);
			productName = "Language LabTests";
			productReference = BB1541952D84A3CB001DC612 /* Language LabTests.xctest */;
			productType = "com.apple.product-type.bundle.unit-test";
		};
		BB15419E2D84A3CB001DC612 /* Language LabUITests */ = {
			isa = PBXNativeTarget;
			buildConfigurationList = BB1541AF2D84A3CB001DC612 /* Build configuration list for PBXNativeTarget "Language LabUITests" */;
			buildPhases = (
				BB15419B2D84A3CB001DC612 /* Sources */,
				BB15419C2D84A3CB001DC612 /* Frameworks */,
				BB15419D2D84A3CB001DC612 /* Resources */,
			);
			buildRules = (
			);
			dependencies = (
				BB1541A12D84A3CB001DC612 /* PBXTargetDependency */,
			);
			fileSystemSynchronizedGroups = (
				BB1541A22D84A3CB001DC612 /* Language LabUITests */,
			);
			name = "Language LabUITests";
			packageProductDependencies = (
			);
			productName = "Language LabUITests";
			productReference = BB15419F2D84A3CB001DC612 /* Language LabUITests.xctest */;
			productType = "com.apple.product-type.bundle.ui-testing";
		};
/* End PBXNativeTarget section */

/* Begin PBXProject section */
		BB15417B2D84A3CA001DC612 /* Project object */ = {
			isa = PBXProject;
			attributes = {
				BuildIndependentTargetsInParallel = 1;
				LastSwiftUpdateCheck = 1620;
				LastUpgradeCheck = 1620;
				TargetAttributes = {
					BB1541822D84A3CA001DC612 = {
						CreatedOnToolsVersion = 16.2;
					};
					BB1541942D84A3CB001DC612 = {
						CreatedOnToolsVersion = 16.2;
						TestTargetID = BB1541822D84A3CA001DC612;
					};
					BB15419E2D84A3CB001DC612 = {
						CreatedOnToolsVersion = 16.2;
						TestTargetID = BB1541822D84A3CA001DC612;
					};
				};
			};
			buildConfigurationList = BB15417E2D84A3CA001DC612 /* Build configuration list for PBXProject "Language Lab" */;
			developmentRegion = en;
			hasScannedForEncodings = 0;
			knownRegions = (
				en,
				Base,
			);
			mainGroup = BB15417A2D84A3CA001DC612;
			minimizedProjectReferenceProxies = 1;
			preferredProjectObjectVersion = 77;
			productRefGroup = BB1541842D84A3CA001DC612 /* Products */;
			projectDirPath = "";
			projectRoot = "";
			targets = (
				BB1541822D84A3CA001DC612 /* Language Lab */,
				BB1541942D84A3CB001DC612 /* Language LabTests */,
				BB15419E2D84A3CB001DC612 /* Language LabUITests */,
			);
		};
/* End PBXProject section */

/* Begin PBXResourcesBuildPhase section */
		BB1541812D84A3CA001DC612 /* Resources */ = {
			isa = PBXResourcesBuildPhase;
			buildActionMask = 2147483647;
			files = (
			);
			runOnlyForDeploymentPostprocessing = 0;
		};
		BB1541932D84A3CB001DC612 /* Resources */ = {
			isa = PBXResourcesBuildPhase;
			buildActionMask = 2147483647;
			files = (
			);
			runOnlyForDeploymentPostprocessing = 0;
		};
		BB15419D2D84A3CB001DC612 /* Resources */ = {
			isa = PBXResourcesBuildPhase;
			buildActionMask = 2147483647;
			files = (
			);
			runOnlyForDeploymentPostprocessing = 0;
		};
/* End PBXResourcesBuildPhase section */

/* Begin PBXSourcesBuildPhase section */
		BB15417F2D84A3CA001DC612 /* Sources */ = {
			isa = PBXSourcesBuildPhase;
			buildActionMask = 2147483647;
			files = (
			);
			runOnlyForDeploymentPostprocessing = 0;
		};
		BB1541912D84A3CB001DC612 /* Sources */ = {
			isa = PBXSourcesBuildPhase;
			buildActionMask = 2147483647;
			files = (
			);
			runOnlyForDeploymentPostprocessing = 0;
		};
		BB15419B2D84A3CB001DC612 /* Sources */ = {
			isa = PBXSourcesBuildPhase;
			buildActionMask = 2147483647;
			files = (
			);
			runOnlyForDeploymentPostprocessing = 0;
		};
/* End PBXSourcesBuildPhase section */

/* Begin PBXTargetDependency section */
		BB1541972D84A3CB001DC612 /* PBXTargetDependency */ = {
			isa = PBXTargetDependency;
			target = BB1541822D84A3CA001DC612 /* Language Lab */;
			targetProxy = BB1541962D84A3CB001DC612 /* PBXContainerItemProxy */;
		};
		BB1541A12D84A3CB001DC612 /* PBXTargetDependency */ = {
			isa = PBXTargetDependency;
			target = BB1541822D84A3CA001DC612 /* Language Lab */;
			targetProxy = BB1541A02D84A3CB001DC612 /* PBXContainerItemProxy */;
		};
/* End PBXTargetDependency section */

/* Begin XCBuildConfiguration section */
		BB1541A72D84A3CB001DC612 /* Debug */ = {
			isa = XCBuildConfiguration;
			buildSettings = {
				ALWAYS_SEARCH_USER_PATHS = NO;
				ASSETCATALOG_COMPILER_GENERATE_SWIFT_ASSET_SYMBOL_EXTENSIONS = YES;
				CLANG_ANALYZER_NONNULL = YES;
				CLANG_ANALYZER_NUMBER_OBJECT_CONVERSION = YES_AGGRESSIVE;
				CLANG_CXX_LANGUAGE_STANDARD = "gnu++20";
				CLANG_ENABLE_MODULES = YES;
				CLANG_ENABLE_OBJC_ARC = YES;
				CLANG_ENABLE_OBJC_WEAK = YES;
				CLANG_WARN_BLOCK_CAPTURE_AUTORELEASING = YES;
				CLANG_WARN_BOOL_CONVERSION = YES;
				CLANG_WARN_COMMA = YES;
				CLANG_WARN_CONSTANT_CONVERSION = YES;
				CLANG_WARN_DEPRECATED_OBJC_IMPLEMENTATIONS = YES;
				CLANG_WARN_DIRECT_OBJC_ISA_USAGE = YES_ERROR;
				CLANG_WARN_DOCUMENTATION_COMMENTS = YES;
				CLANG_WARN_EMPTY_BODY = YES;
				CLANG_WARN_ENUM_CONVERSION = YES;
				CLANG_WARN_INFINITE_RECURSION = YES;
				CLANG_WARN_INT_CONVERSION = YES;
				CLANG_WARN_NON_LITERAL_NULL_CONVERSION = YES;
				CLANG_WARN_OBJC_IMPLICIT_RETAIN_SELF = YES;
				CLANG_WARN_OBJC_LITERAL_CONVERSION = YES;
				CLANG_WARN_OBJC_ROOT_CLASS = YES_ERROR;
				CLANG_WARN_QUOTED_INCLUDE_IN_FRAMEWORK_HEADER = YES;
				CLANG_WARN_RANGE_LOOP_ANALYSIS = YES;
				CLANG_WARN_STRICT_PROTOTYPES = YES;
				CLANG_WARN_SUSPICIOUS_MOVE = YES;
				CLANG_WARN_UNGUARDED_AVAILABILITY = YES_AGGRESSIVE;
				CLANG_WARN_UNREACHABLE_CODE = YES;
				CLANG_WARN__DUPLICATE_METHOD_MATCH = YES;
				COPY_PHASE_STRIP = NO;
				DEBUG_INFORMATION_FORMAT = dwarf;
				ENABLE_STRICT_OBJC_MSGSEND = YES;
				ENABLE_TESTABILITY = YES;
				ENABLE_USER_SCRIPT_SANDBOXING = YES;
				GCC_C_LANGUAGE_STANDARD = gnu17;
				GCC_DYNAMIC_NO_PIC = NO;
				GCC_NO_COMMON_BLOCKS = YES;
				GCC_OPTIMIZATION_LEVEL = 0;
				GCC_PREPROCESSOR_DEFINITIONS = (
					"DEBUG=1",
					"$(inherited)",
				);
				GCC_WARN_64_TO_32_BIT_CONVERSION = YES;
				GCC_WARN_ABOUT_RETURN_TYPE = YES_ERROR;
				GCC_WARN_UNDECLARED_SELECTOR = YES;
				GCC_WARN_UNINITIALIZED_AUTOS = YES_AGGRESSIVE;
				GCC_WARN_UNUSED_FUNCTION = YES;
				GCC_WARN_UNUSED_VARIABLE = YES;
				IPHONEOS_DEPLOYMENT_TARGET = 18.2;
				LOCALIZATION_PREFERS_STRING_CATALOGS = YES;
				MTL_ENABLE_DEBUG_INFO = INCLUDE_SOURCE;
				MTL_FAST_MATH = YES;
				ONLY_ACTIVE_ARCH = YES;
				SDKROOT = iphoneos;
				SWIFT_ACTIVE_COMPILATION_CONDITIONS = "DEBUG $(inherited)";
				SWIFT_OPTIMIZATION_LEVEL = "-Onone";
			};
			name = Debug;
		};
		BB1541A82D84A3CB001DC612 /* Release */ = {
			isa = XCBuildConfiguration;
			buildSettings = {
				ALWAYS_SEARCH_USER_PATHS = NO;
				ASSETCATALOG_COMPILER_GENERATE_SWIFT_ASSET_SYMBOL_EXTENSIONS = YES;
				CLANG_ANALYZER_NONNULL = YES;
				CLANG_ANALYZER_NUMBER_OBJECT_CONVERSION = YES_AGGRESSIVE;
				CLANG_CXX_LANGUAGE_STANDARD = "gnu++20";
				CLANG_ENABLE_MODULES = YES;
				CLANG_ENABLE_OBJC_ARC = YES;
				CLANG_ENABLE_OBJC_WEAK = YES;
				CLANG_WARN_BLOCK_CAPTURE_AUTORELEASING = YES;
				CLANG_WARN_BOOL_CONVERSION = YES;
				CLANG_WARN_COMMA = YES;
				CLANG_WARN_CONSTANT_CONVERSION = YES;
				CLANG_WARN_DEPRECATED_OBJC_IMPLEMENTATIONS = YES;
				CLANG_WARN_DIRECT_OBJC_ISA_USAGE = YES_ERROR;
				CLANG_WARN_DOCUMENTATION_COMMENTS = YES;
				CLANG_WARN_EMPTY_BODY = YES;
				CLANG_WARN_ENUM_CONVERSION = YES;
				CLANG_WARN_INFINITE_RECURSION = YES;
				CLANG_WARN_INT_CONVERSION = YES;
				CLANG_WARN_NON_LITERAL_NULL_CONVERSION = YES;
				CLANG_WARN_OBJC_IMPLICIT_RETAIN_SELF = YES;
				CLANG_WARN_OBJC_LITERAL_CONVERSION = YES;
				CLANG_WARN_OBJC_ROOT_CLASS = YES_ERROR;
				CLANG_WARN_QUOTED_INCLUDE_IN_FRAMEWORK_HEADER = YES;
				CLANG_WARN_RANGE_LOOP_ANALYSIS = YES;
				CLANG_WARN_STRICT_PROTOTYPES = YES;
				CLANG_WARN_SUSPICIOUS_MOVE = YES;
				CLANG_WARN_UNGUARDED_AVAILABILITY = YES_AGGRESSIVE;
				CLANG_WARN_UNREACHABLE_CODE = YES;
				CLANG_WARN__DUPLICATE_METHOD_MATCH = YES;
				COPY_PHASE_STRIP = NO;
				DEBUG_INFORMATION_FORMAT = "dwarf-with-dsym";
				ENABLE_NS_ASSERTIONS = NO;
				ENABLE_STRICT_OBJC_MSGSEND = YES;
				ENABLE_USER_SCRIPT_SANDBOXING = YES;
				GCC_C_LANGUAGE_STANDARD = gnu17;
				GCC_NO_COMMON_BLOCKS = YES;
				GCC_WARN_64_TO_32_BIT_CONVERSION = YES;
				GCC_WARN_ABOUT_RETURN_TYPE = YES_ERROR;
				GCC_WARN_UNDECLARED_SELECTOR = YES;
				GCC_WARN_UNINITIALIZED_AUTOS = YES_AGGRESSIVE;
				GCC_WARN_UNUSED_FUNCTION = YES;
				GCC_WARN_UNUSED_VARIABLE = YES;
				IPHONEOS_DEPLOYMENT_TARGET = 18.2;
				LOCALIZATION_PREFERS_STRING_CATALOGS = YES;
				MTL_ENABLE_DEBUG_INFO = NO;
				MTL_FAST_MATH = YES;
				SDKROOT = iphoneos;
				SWIFT_COMPILATION_MODE = wholemodule;
				VALIDATE_PRODUCT = YES;
			};
			name = Release;
		};
		BB1541AA2D84A3CB001DC612 /* Debug */ = {
			isa = XCBuildConfiguration;
			buildSettings = {
				ASSETCATALOG_COMPILER_APPICON_NAME = AppIcon;
				ASSETCATALOG_COMPILER_GLOBAL_ACCENT_COLOR_NAME = AccentColor;
				CODE_SIGN_STYLE = Automatic;
				CURRENT_PROJECT_VERSION = 1;
				DEVELOPMENT_ASSET_PATHS = "\"Language Lab/Preview Content\"";
				DEVELOPMENT_TEAM = F7A4TY89K3;
				ENABLE_PREVIEWS = YES;
				GENERATE_INFOPLIST_FILE = YES;
				INFOPLIST_KEY_NSMicrophoneUsageDescription = "We need access to your microphone to recognize your pronunciation of words.";
				INFOPLIST_KEY_NSSpeechRecognitionUsageDescription = "We need speech recognition to check your pronunciation of words.";
				INFOPLIST_KEY_UIApplicationSceneManifest_Generation = YES;
				INFOPLIST_KEY_UIApplicationSupportsIndirectInputEvents = YES;
				INFOPLIST_KEY_UILaunchScreen_Generation = YES;
				INFOPLIST_KEY_UISupportedInterfaceOrientations_iPad = "UIInterfaceOrientationPortrait UIInterfaceOrientationPortraitUpsideDown UIInterfaceOrientationLandscapeLeft UIInterfaceOrientationLandscapeRight";
				INFOPLIST_KEY_UISupportedInterfaceOrientations_iPhone = "UIInterfaceOrientationPortrait UIInterfaceOrientationLandscapeLeft UIInterfaceOrientationLandscapeRight";
				LD_RUNPATH_SEARCH_PATHS = (
					"$(inherited)",
					"@executable_path/Frameworks",
				);
				MARKETING_VERSION = 1.0;
				PRODUCT_BUNDLE_IDENTIFIER = "com.ealabs.Language-Lab";
				PRODUCT_NAME = "$(TARGET_NAME)";
				SWIFT_EMIT_LOC_STRINGS = YES;
				SWIFT_VERSION = 5.0;
				TARGETED_DEVICE_FAMILY = "1,2";
			};
			name = Debug;
		};
		BB1541AB2D84A3CB001DC612 /* Release */ = {
			isa = XCBuildConfiguration;
			buildSettings = {
				ASSETCATALOG_COMPILER_APPICON_NAME = AppIcon;
				ASSETCATALOG_COMPILER_GLOBAL_ACCENT_COLOR_NAME = AccentColor;
				CODE_SIGN_STYLE = Automatic;
				CURRENT_PROJECT_VERSION = 1;
				DEVELOPMENT_ASSET_PATHS = "\"Language Lab/Preview Content\"";
				DEVELOPMENT_TEAM = F7A4TY89K3;
				ENABLE_PREVIEWS = YES;
				GENERATE_INFOPLIST_FILE = YES;
				INFOPLIST_KEY_NSMicrophoneUsageDescription = "We need access to your microphone to recognize your pronunciation of words.";
				INFOPLIST_KEY_NSSpeechRecognitionUsageDescription = "We need speech recognition to check your pronunciation of words.";
				INFOPLIST_KEY_UIApplicationSceneManifest_Generation = YES;
				INFOPLIST_KEY_UIApplicationSupportsIndirectInputEvents = YES;
				INFOPLIST_KEY_UILaunchScreen_Generation = YES;
				INFOPLIST_KEY_UISupportedInterfaceOrientations_iPad = "UIInterfaceOrientationPortrait UIInterfaceOrientationPortraitUpsideDown UIInterfaceOrientationLandscapeLeft UIInterfaceOrientationLandscapeRight";
				INFOPLIST_KEY_UISupportedInterfaceOrientations_iPhone = "UIInterfaceOrientationPortrait UIInterfaceOrientationLandscapeLeft UIInterfaceOrientationLandscapeRight";
				LD_RUNPATH_SEARCH_PATHS = (
					"$(inherited)",
					"@executable_path/Frameworks",
				);
				MARKETING_VERSION = 1.0;
				PRODUCT_BUNDLE_IDENTIFIER = "com.ealabs.Language-Lab";
				PRODUCT_NAME = "$(TARGET_NAME)";
				SWIFT_EMIT_LOC_STRINGS = YES;
				SWIFT_VERSION = 5.0;
				TARGETED_DEVICE_FAMILY = "1,2";
			};
			name = Release;
		};
		BB1541AD2D84A3CB001DC612 /* Debug */ = {
			isa = XCBuildConfiguration;
			buildSettings = {
				BUNDLE_LOADER = "$(TEST_HOST)";
				CODE_SIGN_STYLE = Automatic;
				CURRENT_PROJECT_VERSION = 1;
				DEVELOPMENT_TEAM = F7A4TY89K3;
				GENERATE_INFOPLIST_FILE = YES;
				IPHONEOS_DEPLOYMENT_TARGET = 18.2;
				MARKETING_VERSION = 1.0;
				PRODUCT_BUNDLE_IDENTIFIER = "com.ealabs.Language-LabTests";
				PRODUCT_NAME = "$(TARGET_NAME)";
				SWIFT_EMIT_LOC_STRINGS = NO;
				SWIFT_VERSION = 5.0;
				TARGETED_DEVICE_FAMILY = "1,2";
				TEST_HOST = "$(BUILT_PRODUCTS_DIR)/Language Lab.app/$(BUNDLE_EXECUTABLE_FOLDER_PATH)/Language Lab";
			};
			name = Debug;
		};
		BB1541AE2D84A3CB001DC612 /* Release */ = {
			isa = XCBuildConfiguration;
			buildSettings = {
				BUNDLE_LOADER = "$(TEST_HOST)";
				CODE_SIGN_STYLE = Automatic;
				CURRENT_PROJECT_VERSION = 1;
				DEVELOPMENT_TEAM = F7A4TY89K3;
				GENERATE_INFOPLIST_FILE = YES;
				IPHONEOS_DEPLOYMENT_TARGET = 18.2;
				MARKETING_VERSION = 1.0;
				PRODUCT_BUNDLE_IDENTIFIER = "com.ealabs.Language-LabTests";
				PRODUCT_NAME = "$(TARGET_NAME)";
				SWIFT_EMIT_LOC_STRINGS = NO;
				SWIFT_VERSION = 5.0;
				TARGETED_DEVICE_FAMILY = "1,2";
				TEST_HOST = "$(BUILT_PRODUCTS_DIR)/Language Lab.app/$(BUNDLE_EXECUTABLE_FOLDER_PATH)/Language Lab";
			};
			name = Release;
		};
		BB1541B02D84A3CB001DC612 /* Debug */ = {
			isa = XCBuildConfiguration;
			buildSettings = {
				CODE_SIGN_STYLE = Automatic;
				CURRENT_PROJECT_VERSION = 1;
				DEVELOPMENT_TEAM = F7A4TY89K3;
				GENERATE_INFOPLIST_FILE = YES;
				MARKETING_VERSION = 1.0;
				PRODUCT_BUNDLE_IDENTIFIER = "com.ealabs.Language-LabUITests";
				PRODUCT_NAME = "$(TARGET_NAME)";
				SWIFT_EMIT_LOC_STRINGS = NO;
				SWIFT_VERSION = 5.0;
				TARGETED_DEVICE_FAMILY = "1,2";
				TEST_TARGET_NAME = "Language Lab";
			};
			name = Debug;
		};
		BB1541B12D84A3CB001DC612 /* Release */ = {
			isa = XCBuildConfiguration;
			buildSettings = {
				CODE_SIGN_STYLE = Automatic;
				CURRENT_PROJECT_VERSION = 1;
				DEVELOPMENT_TEAM = F7A4TY89K3;
				GENERATE_INFOPLIST_FILE = YES;
				MARKETING_VERSION = 1.0;
				PRODUCT_BUNDLE_IDENTIFIER = "com.ealabs.Language-LabUITests";
				PRODUCT_NAME = "$(TARGET_NAME)";
				SWIFT_EMIT_LOC_STRINGS = NO;
				SWIFT_VERSION = 5.0;
				TARGETED_DEVICE_FAMILY = "1,2";
				TEST_TARGET_NAME = "Language Lab";
			};
			name = Release;
		};
/* End XCBuildConfiguration section */

/* Begin XCConfigurationList section */
		BB15417E2D84A3CA001DC612 /* Build configuration list for PBXProject "Language Lab" */ = {
			isa = XCConfigurationList;
			buildConfigurations = (
				BB1541A72D84A3CB001DC612 /* Debug */,
				BB1541A82D84A3CB001DC612 /* Release */,
			);
			defaultConfigurationIsVisible = 0;
			defaultConfigurationName = Release;
		};
		BB1541A92D84A3CB001DC612 /* Build configuration list for PBXNativeTarget "Language Lab" */ = {
			isa = XCConfigurationList;
			buildConfigurations = (
				BB1541AA2D84A3CB001DC612 /* Debug */,
				BB1541AB2D84A3CB001DC612 /* Release */,
			);
			defaultConfigurationIsVisible = 0;
			defaultConfigurationName = Release;
		};
		BB1541AC2D84A3CB001DC612 /* Build configuration list for PBXNativeTarget "Language LabTests" */ = {
			isa = XCConfigurationList;
			buildConfigurations = (
				BB1541AD2D84A3CB001DC612 /* Debug */,
				BB1541AE2D84A3CB001DC612 /* Release */,
			);
			defaultConfigurationIsVisible = 0;
			defaultConfigurationName = Release;
		};
		BB1541AF2D84A3CB001DC612 /* Build configuration list for PBXNativeTarget "Language LabUITests" */ = {
			isa = XCConfigurationList;
			buildConfigurations = (
				BB1541B02D84A3CB001DC612 /* Debug */,
				BB1541B12D84A3CB001DC612 /* Release */,
			);
			defaultConfigurationIsVisible = 0;
			defaultConfigurationName = Release;
		};
/* End XCConfigurationList section */
	};
	rootObject = BB15417B2D84A3CA001DC612 /* Project object */;
}
